{
  "lockfileVersion": 1,
  "workspaces": {
    "": {
      "name": "bambu-pgcode",
      "dependencies": {
        "async-mutex": "^0.5.0",
        "basic-ftp": "^5.0.5",
        "dotenv": "^17.2.1",
        "ftp-client": "^0.2.2",
        "mqtt": "^5.14.0",
      },
      "devDependencies": {
        "@types/bun": "latest",
      },
      "peerDependencies": {
        "typescript": "^5",
      },
    },
  },
  "packages": {
    "@babel/runtime": ["@babel/runtime@7.28.3", "", {}, "sha512-9uIQ10o0WGdpP6GDhXcdOJPJuDgFtIDtN/9+ArJQ2NAfAmiuhTQdzkaTGR33v43GYS2UrSA0eX2pPPHoFVvpxA=="],

    "@types/bun": ["@types/bun@1.2.20", "", { "dependencies": { "bun-types": "1.2.20" } }, "sha512-dX3RGzQ8+KgmMw7CsW4xT5ITBSCrSbfHc36SNT31EOUg/LA9JWq0VDdEXDRSe1InVWpd2yLUM1FUF/kEOyTzYA=="],

    "@types/node": ["@types/node@24.3.0", "", { "dependencies": { "undici-types": "~7.10.0" } }, "sha512-aPTXCrfwnDLj4VvXrm+UUCQjNEvJgNA8s5F1cvwQU+3KNltTOkBm1j30uNLyqqPNe7gE3KFzImYoZEfLhp4Yow=="],

    "@types/react": ["@types/react@19.1.11", "", { "dependencies": { "csstype": "^3.0.2" } }, "sha512-lr3jdBw/BGj49Eps7EvqlUaoeA0xpj3pc0RoJkHpYaCHkVK7i28dKyImLQb3JVlqs3aYSXf7qYuWOW/fgZnTXQ=="],

    "@types/readable-stream": ["@types/readable-stream@4.0.21", "", { "dependencies": { "@types/node": "*" } }, "sha512-19eKVv9tugr03IgfXlA9UVUVRbW6IuqRO5B92Dl4a6pT7K8uaGrNS0GkxiZD0BOk6PLuXl5FhWl//eX/pzYdTQ=="],

    "@types/ws": ["@types/ws@8.18.1", "", { "dependencies": { "@types/node": "*" } }, "sha512-ThVF6DCVhA8kUGy+aazFQ4kXQ7E1Ty7A3ypFOe0IcJV8O/M511G99AW24irKrW56Wt44yG9+ij8FaqoBGkuBXg=="],

    "abort-controller": ["abort-controller@3.0.0", "", { "dependencies": { "event-target-shim": "^5.0.0" } }, "sha512-h8lQ8tacZYnR3vNQTgibj+tODHI5/+l06Au2Pcriv/Gmet0eaj4TwWH41sO9wnHDiQsEj19q0drzdWdeAHtweg=="],

    "async": ["async@0.8.0", "", {}, "sha512-M2LC+aqW7VetFcnFiYEbjUsmASW6GSsMNkRzhUzwHoQNfNIRClf5GLgozwuJ4tAMLAfjywrKyQ2wWiODJivQmg=="],

    "async-mutex": ["async-mutex@0.5.0", "", { "dependencies": { "tslib": "^2.4.0" } }, "sha512-1A94B18jkJ3DYq284ohPxoXbfTA5HsQ7/Mf4DEhcyLx3Bz27Rh59iScbB6EPiP+B+joue6YCxcMXSbFC1tZKwA=="],

    "base64-js": ["base64-js@1.5.1", "", {}, "sha512-AKpaYlHn8t4SVbOHCy+b5+KKgvR4vrsD8vbvrbiQJps7fKDTkjkDry6ji0rUJjC0kzbNePLwzxq8iypo41qeWA=="],

    "basic-ftp": ["basic-ftp@5.0.5", "", {}, "sha512-4Bcg1P8xhUuqcii/S0Z9wiHIrQVPMermM1any+MX5GeGD7faD3/msQUDGLol9wOcz4/jbg/WJnGqoJF6LiBdtg=="],

    "bl": ["bl@6.1.2", "", { "dependencies": { "@types/readable-stream": "^4.0.0", "buffer": "^6.0.3", "inherits": "^2.0.4", "readable-stream": "^4.2.0" } }, "sha512-6J3oG82fpJ71WF4l0W6XslkwAPMr+Zcp+AmdxJ0L8LsXNzFeO8GYesV2J9AzGArBjrsb2xR50Ocbn/CL1B44TA=="],

    "broker-factory": ["broker-factory@3.1.9", "", { "dependencies": { "@babel/runtime": "^7.28.3", "fast-unique-numbers": "^9.0.23", "tslib": "^2.8.1", "worker-factory": "^7.0.45" } }, "sha512-MzvndyD6EcbkBtX4NXm/HfdO1+cOR5ONNdMCXEKfHpxGdMtuDz7+o+nJf7HMtyPH1sUVf/lEIP+DMluC5PgaBQ=="],

    "buffer": ["buffer@6.0.3", "", { "dependencies": { "base64-js": "^1.3.1", "ieee754": "^1.2.1" } }, "sha512-FTiCpNxtwiZZHEZbcbTIcZjERVICn9yq/pDFkTl95/AxzD1naBctN7YO68riM/gLSDY7sdrMby8hofADYuuqOA=="],

    "buffer-from": ["buffer-from@1.1.2", "", {}, "sha512-E+XQCRwSbaaiChtv6k6Dwgc+bx+Bs6vuKJHHl5kox/BaKbhiXzqQOwK4cO22yElGp2OCmjwVhT3HmxgyPGnJfQ=="],

    "bun-types": ["bun-types@1.2.20", "", { "dependencies": { "@types/node": "*" }, "peerDependencies": { "@types/react": "^19" } }, "sha512-pxTnQYOrKvdOwyiyd/7sMt9yFOenN004Y6O4lCcCUoKVej48FS5cvTw9geRaEcB9TsDZaJKAxPTVvi8tFsVuXA=="],

    "commist": ["commist@3.2.0", "", {}, "sha512-4PIMoPniho+LqXmpS5d3NuGYncG6XWlkBSVGiWycL22dd42OYdUGil2CWuzklaJoNxyxUSpO4MKIBU94viWNAw=="],

    "concat-stream": ["concat-stream@2.0.0", "", { "dependencies": { "buffer-from": "^1.0.0", "inherits": "^2.0.3", "readable-stream": "^3.0.2", "typedarray": "^0.0.6" } }, "sha512-MWufYdFw53ccGjCA+Ol7XJYpAlW6/prSMzuPOTRnJGcGzuhLn4Scrz7qf6o8bROZ514ltazcIFJZevcfbo0x7A=="],

    "core-util-is": ["core-util-is@1.0.3", "", {}, "sha512-ZQBvi1DcpJ4GDqanjucZ2Hj3wEO5pZDS89BWbkcrvdxksJorwUDDZamX9ldFkp9aw2lmBDLgkObEA4DWNJ9FYQ=="],

    "csstype": ["csstype@3.1.3", "", {}, "sha512-M1uQkMl8rQK/szD0LNhtqxIPLpimGm8sOBwU7lLnCpSbTyY3yeU1Vc7l4KT5zT4s/yOxHH5O7tIuuLOCnLADRw=="],

    "debug": ["debug@4.4.1", "", { "dependencies": { "ms": "^2.1.3" } }, "sha512-KcKCqiftBJcZr++7ykoDIEwSa3XWowTfNPo92BYxjXiyYEVrUQh2aLyhxBCwww+heortUFxEJYcRzosstTEBYQ=="],

    "dotenv": ["dotenv@17.2.1", "", {}, "sha512-kQhDYKZecqnM0fCnzI5eIv5L4cAe/iRI+HqMbO/hbRdTAeXDG+M9FjipUxNfbARuEg4iHIbhnhs78BCHNbSxEQ=="],

    "event-target-shim": ["event-target-shim@5.0.1", "", {}, "sha512-i/2XbnSz/uxRCU6+NdVJgKWDTM427+MqYbkQzD321DuCQJUqOuJKIA0IM2+W2xtYHdKOmZ4dR6fExsd4SXL+WQ=="],

    "events": ["events@3.3.0", "", {}, "sha512-mQw+2fkQbALzQ7V0MY0IqdnXNOeTtP4r0lN9z7AAawCXgqea7bDii20AYrIBrFd/Hx0M2Ocz6S111CaFkUcb0Q=="],

    "fast-unique-numbers": ["fast-unique-numbers@9.0.23", "", { "dependencies": { "@babel/runtime": "^7.28.3", "tslib": "^2.8.1" } }, "sha512-jcRIaHo46nfvyvKRMaFSKXmez4jALQ3Qw49gxM5F4siz8HqkyKPPEexpCOYwBSJI1HovrDr4fEedM8QAJ7oX3w=="],

    "ftp": ["ftp@0.3.10", "", { "dependencies": { "readable-stream": "1.1.x", "xregexp": "2.0.0" } }, "sha512-faFVML1aBx2UoDStmLwv2Wptt4vw5x03xxX172nhA5Y5HBshW5JweqQ2W4xL4dezQTG8inJsuYcpPHHU3X5OTQ=="],

    "ftp-client": ["ftp-client@0.2.2", "", { "dependencies": { "async": "~0.8.0", "ftp": "~0.3.6", "glob": "~3.2.9", "lodash": "~2.4.1" } }, "sha512-yA+AVsNOE0jt2TrDZ86ShS4IW23IXaY2kj3dF4BkO0PRbgy/4tpcDvGf6k1L7C+LvbfEfn50WW1N0yGhch0hYQ=="],

    "glob": ["glob@3.2.11", "", { "dependencies": { "inherits": "2", "minimatch": "0.3" } }, "sha512-hVb0zwEZwC1FXSKRPFTeOtN7AArJcJlI6ULGLtrstaswKNlrTJqAA+1lYlSUop4vjA423xlBzqfVS3iWGlqJ+g=="],

    "help-me": ["help-me@5.0.0", "", {}, "sha512-7xgomUX6ADmcYzFik0HzAxh/73YlKR9bmFzf51CZwR+b6YtzU2m0u49hQCqV6SvlqIqsaxovfwdvbnsw3b/zpg=="],

    "ieee754": ["ieee754@1.2.1", "", {}, "sha512-dcyqhDvX1C46lXZcVqCpK+FtMRQVdIMN6/Df5js2zouUsqG7I6sFxitIC+7KYK29KdXOLHdu9zL4sFnoVQnqaA=="],

    "inherits": ["inherits@2.0.4", "", {}, "sha512-k/vGaX4/Yla3WzyMCvTQOXYeIHvqOKtnqBduzTHpzpQZzAskKMhZ2K+EnBiSM9zGSoIFeMpXKxa4dYeZIQqewQ=="],

    "ip-address": ["ip-address@10.0.1", "", {}, "sha512-NWv9YLW4PoW2B7xtzaS3NCot75m6nK7Icdv0o3lfMceJVRfSoQwqD4wEH5rLwoKJwUiZ/rfpiVBhnaF0FK4HoA=="],

    "isarray": ["isarray@0.0.1", "", {}, "sha512-D2S+3GLxWH+uhrNEcoh/fnmYeP8E8/zHl644d/jdA0g2uyXvy3sb0qxotE+ne0LtccHknQzWwZEzhak7oJ0COQ=="],

    "js-sdsl": ["js-sdsl@4.3.0", "", {}, "sha512-mifzlm2+5nZ+lEcLJMoBK0/IH/bDg8XnJfd/Wq6IP+xoCjLZsTOnV2QpxlVbX9bMnkl5PdEjNtBJ9Cj1NjifhQ=="],

    "lodash": ["lodash@2.4.2", "", {}, "sha512-Kak1hi6/hYHGVPmdyiZijoQyz5x2iGVzs6w9GYB/HiXEtylY7tIoYEROMjvM1d9nXJqPOrG2MNPMn01bJ+S0Rw=="],

    "lru-cache": ["lru-cache@10.4.3", "", {}, "sha512-JNAzZcXrCt42VGLuYz0zfAzDfAvJWW6AfYlDBQyDV5DClI2m5sAmK+OIO7s59XfsRsWHp02jAJrRadPRGTt6SQ=="],

    "minimatch": ["minimatch@0.3.0", "", { "dependencies": { "lru-cache": "2", "sigmund": "~1.0.0" } }, "sha512-WFX1jI1AaxNTZVOHLBVazwTWKaQjoykSzCBNXB72vDTCzopQGtyP91tKdFK5cv1+qMwPyiTu1HqUriqplI8pcA=="],

    "minimist": ["minimist@1.2.8", "", {}, "sha512-2yyAR8qBkN3YuheJanUpWC5U3bb5osDywNB8RzDVlDwDHbocAJveqqj1u8+SVD7jkWT4yvsHCpWqqWqAxb0zCA=="],

    "mqtt": ["mqtt@5.14.0", "", { "dependencies": { "@types/readable-stream": "^4.0.21", "@types/ws": "^8.18.1", "commist": "^3.2.0", "concat-stream": "^2.0.0", "debug": "^4.4.1", "help-me": "^5.0.0", "lru-cache": "^10.4.3", "minimist": "^1.2.8", "mqtt-packet": "^9.0.2", "number-allocator": "^1.0.14", "readable-stream": "^4.7.0", "rfdc": "^1.4.1", "socks": "^2.8.6", "split2": "^4.2.0", "worker-timers": "^8.0.23", "ws": "^8.18.3" }, "bin": { "mqtt_pub": "build/bin/pub.js", "mqtt_sub": "build/bin/sub.js", "mqtt": "build/bin/mqtt.js" } }, "sha512-H7EmeCJhbGblbWjm6APF5sAH3SkdI7lxHw/UkblZp8fjSNl8b2MsLcdAkIaQKxvZYmiORkdAjffvKjqQWPkd6w=="],

    "mqtt-packet": ["mqtt-packet@9.0.2", "", { "dependencies": { "bl": "^6.0.8", "debug": "^4.3.4", "process-nextick-args": "^2.0.1" } }, "sha512-MvIY0B8/qjq7bKxdN1eD+nrljoeaai+qjLJgfRn3TiMuz0pamsIWY2bFODPZMSNmabsLANXsLl4EMoWvlaTZWA=="],

    "ms": ["ms@2.1.3", "", {}, "sha512-6FlzubTLZG3J2a/NVCAleEhjzq5oxgHyaCU9yYXvcLsvoVaHJq/s5xXI6/XXP6tz7R9xAOtHnSO/tXtF3WRTlA=="],

    "number-allocator": ["number-allocator@1.0.14", "", { "dependencies": { "debug": "^4.3.1", "js-sdsl": "4.3.0" } }, "sha512-OrL44UTVAvkKdOdRQZIJpLkAdjXGTRda052sN4sO77bKEzYYqWKMBjQvrJFzqygI99gL6Z4u2xctPW1tB8ErvA=="],

    "process": ["process@0.11.10", "", {}, "sha512-cdGef/drWFoydD1JsMzuFf8100nZl+GT+yacc2bEced5f9Rjk4z+WtFUTBu9PhOi9j/jfmBPu0mMEY4wIdAF8A=="],

    "process-nextick-args": ["process-nextick-args@2.0.1", "", {}, "sha512-3ouUOpQhtgrbOa17J7+uxOTpITYWaGP7/AhoR3+A+/1e9skrzelGi/dXzEYyvbxubEF6Wn2ypscTKiKJFFn1ag=="],

    "readable-stream": ["readable-stream@4.7.0", "", { "dependencies": { "abort-controller": "^3.0.0", "buffer": "^6.0.3", "events": "^3.3.0", "process": "^0.11.10", "string_decoder": "^1.3.0" } }, "sha512-oIGGmcpTLwPga8Bn6/Z75SVaH1z5dUut2ibSyAMVhmUggWpmDn2dapB0n7f8nwaSiRtepAsfJyfXIO5DCVAODg=="],

    "rfdc": ["rfdc@1.4.1", "", {}, "sha512-q1b3N5QkRUWUl7iyylaaj3kOpIT0N2i9MqIEQXP73GVsN9cw3fdx8X63cEmWhJGi2PPCF23Ijp7ktmd39rawIA=="],

    "safe-buffer": ["safe-buffer@5.2.1", "", {}, "sha512-rp3So07KcdmmKbGvgaNxQSJr7bGVSVk5S9Eq1F+ppbRo70+YeaDxkw5Dd8NPN+GD6bjnYm2VuPuCXmpuYvmCXQ=="],

    "sigmund": ["sigmund@1.0.1", "", {}, "sha512-fCvEXfh6NWpm+YSuY2bpXb/VIihqWA6hLsgboC+0nl71Q7N7o2eaCW8mJa/NLvQhs6jpd3VZV4UiUQlV6+lc8g=="],

    "smart-buffer": ["smart-buffer@4.2.0", "", {}, "sha512-94hK0Hh8rPqQl2xXc3HsaBoOXKV20MToPkcXvwbISWLEs+64sBq5kFgn2kJDHb1Pry9yrP0dxrCI9RRci7RXKg=="],

    "socks": ["socks@2.8.7", "", { "dependencies": { "ip-address": "^10.0.1", "smart-buffer": "^4.2.0" } }, "sha512-HLpt+uLy/pxB+bum/9DzAgiKS8CX1EvbWxI4zlmgGCExImLdiad2iCwXT5Z4c9c3Eq8rP2318mPW2c+QbtjK8A=="],

    "split2": ["split2@4.2.0", "", {}, "sha512-UcjcJOWknrNkF6PLX83qcHM6KHgVKNkV62Y8a5uYDVv9ydGQVwAHMKqHdJje1VTWpljG0WYpCDhrCdAOYH4TWg=="],

    "string_decoder": ["string_decoder@1.3.0", "", { "dependencies": { "safe-buffer": "~5.2.0" } }, "sha512-hkRX8U1WjJFd8LsDJ2yQ/wWWxaopEsABU1XfkM8A+j0+85JAGppt16cr1Whg6KIbb4okU6Mql6BOj+uup/wKeA=="],

    "tslib": ["tslib@2.8.1", "", {}, "sha512-oJFu94HQb+KVduSUQL7wnpmqnfmLsOA/nAh6b6EH0wCEoK0/mPeXU6c3wKDV83MkOuHPRHtSXKKU99IBazS/2w=="],

    "typedarray": ["typedarray@0.0.6", "", {}, "sha512-/aCDEGatGvZ2BIk+HmLf4ifCJFwvKFNb9/JeZPMulfgFracn9QFcAf5GO8B/mweUjSoblS5In0cWhqpfs/5PQA=="],

    "typescript": ["typescript@5.9.2", "", { "bin": { "tsc": "bin/tsc", "tsserver": "bin/tsserver" } }, "sha512-CWBzXQrc/qOkhidw1OzBTQuYRbfyxDXJMVJ1XNwUHGROVmuaeiEm3OslpZ1RV96d7SKKjZKrSJu3+t/xlw3R9A=="],

    "undici-types": ["undici-types@7.10.0", "", {}, "sha512-t5Fy/nfn+14LuOc2KNYg75vZqClpAiqscVvMygNnlsHBFpSXdJaYtXMcdNLpl/Qvc3P2cB3s6lOV51nqsFq4ag=="],

    "util-deprecate": ["util-deprecate@1.0.2", "", {}, "sha512-EPD5q1uXyFxJpCrLnCc1nHnq3gOa6DZBocAIiI2TaSCA7VCJ1UJDMagCzIkXNsUYfD1daK//LTEQ8xiIbrHtcw=="],

    "worker-factory": ["worker-factory@7.0.45", "", { "dependencies": { "@babel/runtime": "^7.28.3", "fast-unique-numbers": "^9.0.23", "tslib": "^2.8.1" } }, "sha512-FFPCiSv7MD6ZDEfiik/ErM8IrIAWajaXhezLyCo3v0FjhUWud6GXnG2BiTE91jLywXGAVCT8IF48Hhr+D/omMw=="],

    "worker-timers": ["worker-timers@8.0.24", "", { "dependencies": { "@babel/runtime": "^7.28.3", "tslib": "^2.8.1", "worker-timers-broker": "^8.0.10", "worker-timers-worker": "^9.0.10" } }, "sha512-Ydu/7TRHlxIRjYSGDge1F92L7y9kzInpwR4CkocRVObPE0eRqC6d+0GFh52Hm+m520RHVKiytOERtCUu5sQDVQ=="],

    "worker-timers-broker": ["worker-timers-broker@8.0.10", "", { "dependencies": { "@babel/runtime": "^7.28.3", "broker-factory": "^3.1.9", "fast-unique-numbers": "^9.0.23", "tslib": "^2.8.1", "worker-timers-worker": "^9.0.10" } }, "sha512-xvo/9GiuduENbJNdWnvZtkriIkjBKKVbMyw7GXvrBu3n1JHemzZgxqaCcCBNlpfXnRXXF4ekqvXWLh1gb65b8w=="],

    "worker-timers-worker": ["worker-timers-worker@9.0.10", "", { "dependencies": { "@babel/runtime": "^7.28.3", "tslib": "^2.8.1", "worker-factory": "^7.0.45" } }, "sha512-cfCmAkuoN+nGGJShta/g7CQVP3h7rvQA642EQg72fOHCWP5S2P83rLxDiaGv811Hd+19Cgdqt/tpRBIZ5kj/dw=="],

    "ws": ["ws@8.18.3", "", { "peerDependencies": { "bufferutil": "^4.0.1", "utf-8-validate": ">=5.0.2" }, "optionalPeers": ["bufferutil", "utf-8-validate"] }, "sha512-PEIGCY5tSlUt50cqyMXfCzX+oOPqN0vuGqWzbcJ2xvnkzkq46oOpz7dQaTDBdfICb4N14+GARUDw2XV2N4tvzg=="],

    "xregexp": ["xregexp@2.0.0", "", {}, "sha512-xl/50/Cf32VsGq/1R8jJE5ajH1yMCQkpmoS10QbFZWl2Oor4H0Me64Pu2yxvsRWK3m6soJbmGfzSR7BYmDcWAA=="],

    "concat-stream/readable-stream": ["readable-stream@3.6.2", "", { "dependencies": { "inherits": "^2.0.3", "string_decoder": "^1.1.1", "util-deprecate": "^1.0.1" } }, "sha512-9u/sniCrY3D5WdsERHzHE4G2YCXqoG5FTHUiCC4SIbr6XcLZBY05ya9EKjYek9O5xOAwjGq+1JdGBAS7Q9ScoA=="],

    "ftp/readable-stream": ["readable-stream@1.1.14", "", { "dependencies": { "core-util-is": "~1.0.0", "inherits": "~2.0.1", "isarray": "0.0.1", "string_decoder": "~0.10.x" } }, "sha512-+MeVjFf4L44XUkhM1eYbD8fyEsxcV81pqMSR5gblfcLCHfZvbrqy4/qYHE+/R5HoBUT11WV5O08Cr1n3YXkWVQ=="],

    "minimatch/lru-cache": ["lru-cache@2.7.3", "", {}, "sha512-WpibWJ60c3AgAz8a2iYErDrcT2C7OmKnsWhIcHOjkUHFjkXncJhtLxNSqUmxRxRunpb5I8Vprd7aNSd2NtksJQ=="],

    "ftp/readable-stream/string_decoder": ["string_decoder@0.10.31", "", {}, "sha512-ev2QzSzWPYmy9GuqfIVildA4OdcGLeFZQrq5ys6RtiuF+RQQiZWr8TZNyAcuVXyQRYfEO+MsoB/1BuQVhOJuoQ=="],
  }
}
